
Microsoft Visual Studio Solution File, Format Version 12.00
# Visual Studio Version 17
VisualStudioVersion = 17.5.33516.290
MinimumVisualStudioVersion = 10.0.40219.1
Project("{9A19103F-16F7-4668-BE54-9A1E7A4F7556}") = "ApiSource", "ApiSource\ApiSource.csproj", "{C34D962C-B4B6-471E-8657-7CA96DA7EE1D}"
EndProject
Project("{FAE04EC0-301F-11D3-BF4B-00C04F79EFBC}") = "ApiTest", "ApiTest\ApiTest.csproj", "{9BC0F553-A14A-4FCC-87C8-5704B64E0B75}"
EndProject
Global
	GlobalSection(SolutionConfigurationPlatforms) = preSolution
		Debug|Any CPU = Debug|Any CPU
		Release|Any CPU = Release|Any CPU
	EndGlobalSection
	GlobalSection(ProjectConfigurationPlatforms) = postSolution
		{C34D962C-B4B6-471E-8657-7CA96DA7EE1D}.Debug|Any CPU.ActiveCfg = Debug|Any CPU
		{C34D962C-B4B6-471E-8657-7CA96DA7EE1D}.Debug|Any CPU.Build.0 = Debug|Any CPU
		{C34D962C-B4B6-471E-8657-7CA96DA7EE1D}.Release|Any CPU.ActiveCfg = Release|Any CPU
		{C34D962C-B4B6-471E-8657-7CA96DA7EE1D}.Release|Any CPU.Build.0 = Release|Any CPU
		{9BC0F553-A14A-4FCC-87C8-5704B64E0B75}.Debug|Any CPU.ActiveCfg = Debug|Any CPU
		{9BC0F553-A14A-4FCC-87C8-5704B64E0B75}.Debug|Any CPU.Build.0 = Debug|Any CPU
		{9BC0F553-A14A-4FCC-87C8-5704B64E0B75}.Release|Any CPU.ActiveCfg = Release|Any CPU
		{9BC0F553-A14A-4FCC-87C8-5704B64E0B75}.Release|Any CPU.Build.0 = Release|Any CPU
	EndGlobalSection
	GlobalSection(SolutionProperties) = preSolution
		HideSolutionNode = FALSE
	EndGlobalSection
	GlobalSection(ExtensibilityGlobals) = postSolution
		SolutionGuid = {BBDF7D36-D52E-4A61-9307-4172DF21872C}
	EndGlobalSection
EndGlobal
